
Microsoft Visual Studio Solution File, Format Version 12.00
# Visual Studio Version 16
VisualStudioVersion = 16.0.31205.134
MinimumVisualStudioVersion = 10.0.40219.1
Project("{FAE04EC0-301F-11D3-BF4B-00C04F79EFBC}") = "Uri1042", "Uri1042\Uri1042.csproj", "{EC4D8EC3-AF1C-4D69-A80F-100A04363306}"
EndProject
Global
	GlobalSection(SolutionConfigurationPlatforms) = preSolution
		Debug|Any CPU = Debug|Any CPU
		Release|Any CPU = Release|Any CPU
	EndGlobalSection
	GlobalSection(ProjectConfigurationPlatforms) = postSolution
		{EC4D8EC3-AF1C-4D69-A80F-100A04363306}.Debug|Any CPU.ActiveCfg = Debug|Any CPU
		{EC4D8EC3-AF1C-4D69-A80F-100A04363306}.Debug|Any CPU.Build.0 = Debug|Any CPU
		{EC4D8EC3-AF1C-4D69-A80F-100A04363306}.Release|Any CPU.ActiveCfg = Release|Any CPU
		{EC4D8EC3-AF1C-4D69-A80F-100A04363306}.Release|Any CPU.Build.0 = Release|Any CPU
	EndGlobalSection
	GlobalSection(SolutionProperties) = preSolution
		HideSolutionNode = FALSE
	EndGlobalSection
	GlobalSection(ExtensibilityGlobals) = postSolution
		SolutionGuid = {05F1B8EA-8364-439B-9A5B-DB1AF04D4AA1}
	EndGlobalSection
EndGlobal
